// !$*UTF8*$!
{
	archiveVersion = 1;
	classes = {
	};
	objectVersion = 56;
	objects = {

/* Begin PBXBuildFile section */
		71331EA22AF6B78B0070D778 /* WideProductItem.swift in Sources */ = {isa = PBXBuildFile; fileRef = 71331EA12AF6B78B0070D778 /* WideProductItem.swift */; };
		715389DD2AF18BC1004CC14D /* AppleWatchStoreApp.swift in Sources */ = {isa = PBXBuildFile; fileRef = 715389DC2AF18BC1004CC14D /* AppleWatchStoreApp.swift */; };
		715389DF2AF18BC1004CC14D /* ContentView.swift in Sources */ = {isa = PBXBuildFile; fileRef = 715389DE2AF18BC1004CC14D /* ContentView.swift */; };
		715389E12AF18BC3004CC14D /* Assets.xcassets in Resources */ = {isa = PBXBuildFile; fileRef = 715389E02AF18BC3004CC14D /* Assets.xcassets */; };
		715389E42AF18BC3004CC14D /* Preview Assets.xcassets in Resources */ = {isa = PBXBuildFile; fileRef = 715389E32AF18BC3004CC14D /* Preview Assets.xcassets */; };
		715389ED2AF42170004CC14D /* Theme.xcassets in Resources */ = {isa = PBXBuildFile; fileRef = 715389EC2AF42170004CC14D /* Theme.xcassets */; };
		715389F22AF422E7004CC14D /* ScaledFont.swift in Sources */ = {isa = PBXBuildFile; fileRef = 715389F12AF422E7004CC14D /* ScaledFont.swift */; };
		715389F42AF4234D004CC14D /* SectionHeader.swift in Sources */ = {isa = PBXBuildFile; fileRef = 715389F32AF4234D004CC14D /* SectionHeader.swift */; };
		715389F62AF429D1004CC14D /* CardView.swift in Sources */ = {isa = PBXBuildFile; fileRef = 715389F52AF429D1004CC14D /* CardView.swift */; };
		715389F82AF429FB004CC14D /* Constants.swift in Sources */ = {isa = PBXBuildFile; fileRef = 715389F72AF429FB004CC14D /* Constants.swift */; };
		715389FA2AF43098004CC14D /* CustomButtonStyle.swift in Sources */ = {isa = PBXBuildFile; fileRef = 715389F92AF43098004CC14D /* CustomButtonStyle.swift */; };
		715389FC2AF43198004CC14D /* ButtonStyle+Extension.swift in Sources */ = {isa = PBXBuildFile; fileRef = 715389FB2AF43198004CC14D /* ButtonStyle+Extension.swift */; };
		715389FE2AF43374004CC14D /* BrowseSection.swift in Sources */ = {isa = PBXBuildFile; fileRef = 715389FD2AF43374004CC14D /* BrowseSection.swift */; };
		71538A002AF439C2004CC14D /* GridProductItem.swift in Sources */ = {isa = PBXBuildFile; fileRef = 715389FF2AF439C2004CC14D /* GridProductItem.swift */; };
		71538A022AF43CAC004CC14D /* Text+Extension.swift in Sources */ = {isa = PBXBuildFile; fileRef = 71538A012AF43CAC004CC14D /* Text+Extension.swift */; };
		71538A042AF43EEF004CC14D /* PopularSection.swift in Sources */ = {isa = PBXBuildFile; fileRef = 71538A032AF43EEF004CC14D /* PopularSection.swift */; };
		71538A062AF442BC004CC14D /* CategoryListItem.swift in Sources */ = {isa = PBXBuildFile; fileRef = 71538A052AF442BC004CC14D /* CategoryListItem.swift */; };
		71538A082AF44399004CC14D /* CategorySection.swift in Sources */ = {isa = PBXBuildFile; fileRef = 71538A072AF44399004CC14D /* CategorySection.swift */; };
		71538A0A2AF44C96004CC14D /* HomeView.swift in Sources */ = {isa = PBXBuildFile; fileRef = 71538A092AF44C96004CC14D /* HomeView.swift */; };
		71538A0F2AF4506A004CC14D /* ProductsView.swift in Sources */ = {isa = PBXBuildFile; fileRef = 71538A0E2AF4506A004CC14D /* ProductsView.swift */; };
		71538A112AF45075004CC14D /* CartView.swift in Sources */ = {isa = PBXBuildFile; fileRef = 71538A102AF45075004CC14D /* CartView.swift */; };
		71538A132AF45082004CC14D /* FavoritesView.swift in Sources */ = {isa = PBXBuildFile; fileRef = 71538A122AF45082004CC14D /* FavoritesView.swift */; };
		71538A182AF456D1004CC14D /* Theme.swift in Sources */ = {isa = PBXBuildFile; fileRef = 71538A172AF456D1004CC14D /* Theme.swift */; };
		71538A1A2AF45A03004CC14D /* ProductsGridView.swift in Sources */ = {isa = PBXBuildFile; fileRef = 71538A192AF45A03004CC14D /* ProductsGridView.swift */; };
		71538A1C2AF45D70004CC14D /* FilterView.swift in Sources */ = {isa = PBXBuildFile; fileRef = 71538A1B2AF45D70004CC14D /* FilterView.swift */; };
		71538A1E2AF45D9E004CC14D /* FilterSectionView.swift in Sources */ = {isa = PBXBuildFile; fileRef = 71538A1D2AF45D9E004CC14D /* FilterSectionView.swift */; };
/* End PBXBuildFile section */

/* Begin PBXFileReference section */
		71331EA12AF6B78B0070D778 /* WideProductItem.swift */ = {isa = PBXFileReference; lastKnownFileType = sourcecode.swift; path = WideProductItem.swift; sourceTree = "<group>"; };
		715389D92AF18BC1004CC14D /* AppleWatchStore.app */ = {isa = PBXFileReference; explicitFileType = wrapper.application; includeInIndex = 0; path = AppleWatchStore.app; sourceTree = BUILT_PRODUCTS_DIR; };
		715389DC2AF18BC1004CC14D /* AppleWatchStoreApp.swift */ = {isa = PBXFileReference; lastKnownFileType = sourcecode.swift; path = AppleWatchStoreApp.swift; sourceTree = "<group>"; };
		715389DE2AF18BC1004CC14D /* ContentView.swift */ = {isa = PBXFileReference; lastKnownFileType = sourcecode.swift; path = ContentView.swift; sourceTree = "<group>"; };
		715389E02AF18BC3004CC14D /* Assets.xcassets */ = {isa = PBXFileReference; lastKnownFileType = folder.assetcatalog; path = Assets.xcassets; sourceTree = "<group>"; };
		715389E32AF18BC3004CC14D /* Preview Assets.xcassets */ = {isa = PBXFileReference; lastKnownFileType = folder.assetcatalog; path = "Preview Assets.xcassets"; sourceTree = "<group>"; };
		715389EC2AF42170004CC14D /* Theme.xcassets */ = {isa = PBXFileReference; lastKnownFileType = folder.assetcatalog; path = Theme.xcassets; sourceTree = "<group>"; };
		715389F12AF422E7004CC14D /* ScaledFont.swift */ = {isa = PBXFileReference; fileEncoding = 4; lastKnownFileType = sourcecode.swift; path = ScaledFont.swift; sourceTree = "<group>"; };
		715389F32AF4234D004CC14D /* SectionHeader.swift */ = {isa = PBXFileReference; lastKnownFileType = sourcecode.swift; path = SectionHeader.swift; sourceTree = "<group>"; };
		715389F52AF429D1004CC14D /* CardView.swift */ = {isa = PBXFileReference; lastKnownFileType = sourcecode.swift; path = CardView.swift; sourceTree = "<group>"; };
		715389F72AF429FB004CC14D /* Constants.swift */ = {isa = PBXFileReference; lastKnownFileType = sourcecode.swift; path = Constants.swift; sourceTree = "<group>"; };
		715389F92AF43098004CC14D /* CustomButtonStyle.swift */ = {isa = PBXFileReference; lastKnownFileType = sourcecode.swift; path = CustomButtonStyle.swift; sourceTree = "<group>"; };
		715389FB2AF43198004CC14D /* ButtonStyle+Extension.swift */ = {isa = PBXFileReference; lastKnownFileType = sourcecode.swift; path = "ButtonStyle+Extension.swift"; sourceTree = "<group>"; };
		715389FD2AF43374004CC14D /* BrowseSection.swift */ = {isa = PBXFileReference; lastKnownFileType = sourcecode.swift; path = BrowseSection.swift; sourceTree = "<group>"; };
		715389FF2AF439C2004CC14D /* GridProductItem.swift */ = {isa = PBXFileReference; lastKnownFileType = sourcecode.swift; path = GridProductItem.swift; sourceTree = "<group>"; };
		71538A012AF43CAC004CC14D /* Text+Extension.swift */ = {isa = PBXFileReference; lastKnownFileType = sourcecode.swift; path = "Text+Extension.swift"; sourceTree = "<group>"; };
		71538A032AF43EEF004CC14D /* PopularSection.swift */ = {isa = PBXFileReference; lastKnownFileType = sourcecode.swift; path = PopularSection.swift; sourceTree = "<group>"; };
		71538A052AF442BC004CC14D /* CategoryListItem.swift */ = {isa = PBXFileReference; lastKnownFileType = sourcecode.swift; path = CategoryListItem.swift; sourceTree = "<group>"; };
		71538A072AF44399004CC14D /* CategorySection.swift */ = {isa = PBXFileReference; lastKnownFileType = sourcecode.swift; path = CategorySection.swift; sourceTree = "<group>"; };
		71538A092AF44C96004CC14D /* HomeView.swift */ = {isa = PBXFileReference; lastKnownFileType = sourcecode.swift; path = HomeView.swift; sourceTree = "<group>"; };
		71538A0E2AF4506A004CC14D /* ProductsView.swift */ = {isa = PBXFileReference; lastKnownFileType = sourcecode.swift; path = ProductsView.swift; sourceTree = "<group>"; };
		71538A102AF45075004CC14D /* CartView.swift */ = {isa = PBXFileReference; lastKnownFileType = sourcecode.swift; path = CartView.swift; sourceTree = "<group>"; };
		71538A122AF45082004CC14D /* FavoritesView.swift */ = {isa = PBXFileReference; lastKnownFileType = sourcecode.swift; path = FavoritesView.swift; sourceTree = "<group>"; };
		71538A172AF456D1004CC14D /* Theme.swift */ = {isa = PBXFileReference; fileEncoding = 4; lastKnownFileType = sourcecode.swift; path = Theme.swift; sourceTree = "<group>"; };
		71538A192AF45A03004CC14D /* ProductsGridView.swift */ = {isa = PBXFileReference; lastKnownFileType = sourcecode.swift; path = ProductsGridView.swift; sourceTree = "<group>"; };
		71538A1B2AF45D70004CC14D /* FilterView.swift */ = {isa = PBXFileReference; lastKnownFileType = sourcecode.swift; path = FilterView.swift; sourceTree = "<group>"; };
		71538A1D2AF45D9E004CC14D /* FilterSectionView.swift */ = {isa = PBXFileReference; lastKnownFileType = sourcecode.swift; path = FilterSectionView.swift; sourceTree = "<group>"; };
/* End PBXFileReference section */

/* Begin PBXFrameworksBuildPhase section */
		715389D62AF18BC1004CC14D /* Frameworks */ = {
			isa = PBXFrameworksBuildPhase;
			buildActionMask = 2147483647;
			files = (
			);
			runOnlyForDeploymentPostprocessing = 0;
		};
/* End PBXFrameworksBuildPhase section */

/* Begin PBXGroup section */
		715389D02AF18BC0004CC14D = {
			isa = PBXGroup;
			children = (
				715389DB2AF18BC1004CC14D /* AppleWatchStore */,
				715389DA2AF18BC1004CC14D /* Products */,
			);
			sourceTree = "<group>";
		};
		715389DA2AF18BC1004CC14D /* Products */ = {
			isa = PBXGroup;
			children = (
				715389D92AF18BC1004CC14D /* AppleWatchStore.app */,
			);
			name = Products;
			sourceTree = "<group>";
		};
		715389DB2AF18BC1004CC14D /* AppleWatchStore */ = {
			isa = PBXGroup;
			children = (
				715389EE2AF42192004CC14D /* View */,
				715389EA2AF420F8004CC14D /* App */,
				715389EB2AF420FB004CC14D /* Utilities */,
				715389E22AF18BC3004CC14D /* Preview Content */,
			);
			path = AppleWatchStore;
			sourceTree = "<group>";
		};
		715389E22AF18BC3004CC14D /* Preview Content */ = {
			isa = PBXGroup;
			children = (
				715389E32AF18BC3004CC14D /* Preview Assets.xcassets */,
			);
			path = "Preview Content";
			sourceTree = "<group>";
		};
		715389EA2AF420F8004CC14D /* App */ = {
			isa = PBXGroup;
			children = (
				715389DC2AF18BC1004CC14D /* AppleWatchStoreApp.swift */,
				715389DE2AF18BC1004CC14D /* ContentView.swift */,
				715389E02AF18BC3004CC14D /* Assets.xcassets */,
				715389EC2AF42170004CC14D /* Theme.xcassets */,
			);
			path = App;
			sourceTree = "<group>";
		};
		715389EB2AF420FB004CC14D /* Utilities */ = {
			isa = PBXGroup;
			children = (
				71538A172AF456D1004CC14D /* Theme.swift */,
				715389F12AF422E7004CC14D /* ScaledFont.swift */,
				715389F32AF4234D004CC14D /* SectionHeader.swift */,
				715389F72AF429FB004CC14D /* Constants.swift */,
				715389F92AF43098004CC14D /* CustomButtonStyle.swift */,
				715389FB2AF43198004CC14D /* ButtonStyle+Extension.swift */,
				71538A012AF43CAC004CC14D /* Text+Extension.swift */,
			);
			path = Utilities;
			sourceTree = "<group>";
		};
		715389EE2AF42192004CC14D /* View */ = {
			isa = PBXGroup;
			children = (
				71538A0D2AF4505C004CC14D /* Favorites */,
				71538A0C2AF45058004CC14D /* Cart */,
				71538A0B2AF4504E004CC14D /* Products */,
				715389EF2AF42197004CC14D /* Home */,
			);
			path = View;
			sourceTree = "<group>";
		};
		715389EF2AF42197004CC14D /* Home */ = {
			isa = PBXGroup;
			children = (
				715389F02AF421A6004CC14D /* Supporting Views */,
				71538A092AF44C96004CC14D /* HomeView.swift */,
			);
			path = Home;
			sourceTree = "<group>";
		};
		715389F02AF421A6004CC14D /* Supporting Views */ = {
			isa = PBXGroup;
			children = (
				715389F52AF429D1004CC14D /* CardView.swift */,
				715389FD2AF43374004CC14D /* BrowseSection.swift */,
				715389FF2AF439C2004CC14D /* GridProductItem.swift */,
				71538A032AF43EEF004CC14D /* PopularSection.swift */,
				71538A052AF442BC004CC14D /* CategoryListItem.swift */,
				71538A072AF44399004CC14D /* CategorySection.swift */,
			);
			path = "Supporting Views";
			sourceTree = "<group>";
		};
		71538A0B2AF4504E004CC14D /* Products */ = {
			isa = PBXGroup;
			children = (
				71538A162AF455CA004CC14D /* Supporting Views */,
				71538A0E2AF4506A004CC14D /* ProductsView.swift */,
			);
			path = Products;
			sourceTree = "<group>";
		};
		71538A0C2AF45058004CC14D /* Cart */ = {
			isa = PBXGroup;
			children = (
				71538A152AF455C4004CC14D /* Supporting Views */,
				71538A102AF45075004CC14D /* CartView.swift */,
			);
			path = Cart;
			sourceTree = "<group>";
		};
		71538A0D2AF4505C004CC14D /* Favorites */ = {
			isa = PBXGroup;
			children = (
				71538A142AF455BC004CC14D /* Supporting Views */,
				71538A122AF45082004CC14D /* FavoritesView.swift */,
			);
			path = Favorites;
			sourceTree = "<group>";
		};
		71538A142AF455BC004CC14D /* Supporting Views */ = {
			isa = PBXGroup;
			children = (
			);
			path = "Supporting Views";
			sourceTree = "<group>";
		};
		71538A152AF455C4004CC14D /* Supporting Views */ = {
			isa = PBXGroup;
			children = (
			);
			path = "Supporting Views";
			sourceTree = "<group>";
		};
		71538A162AF455CA004CC14D /* Supporting Views */ = {
			isa = PBXGroup;
			children = (
				71538A192AF45A03004CC14D /* ProductsGridView.swift */,
				71538A1B2AF45D70004CC14D /* FilterView.swift */,
				71538A1D2AF45D9E004CC14D /* FilterSectionView.swift */,
				71331EA12AF6B78B0070D778 /* WideProductItem.swift */,
			);
			path = "Supporting Views";
			sourceTree = "<group>";
		};
/* End PBXGroup section */

/* Begin PBXNativeTarget section */
		715389D82AF18BC1004CC14D /* AppleWatchStore */ = {
			isa = PBXNativeTarget;
			buildConfigurationList = 715389E72AF18BC3004CC14D /* Build configuration list for PBXNativeTarget "AppleWatchStore" */;
			buildPhases = (
				715389D52AF18BC1004CC14D /* Sources */,
				715389D62AF18BC1004CC14D /* Frameworks */,
				715389D72AF18BC1004CC14D /* Resources */,
			);
			buildRules = (
			);
			dependencies = (
			);
			name = AppleWatchStore;
			productName = AppleWatchStore;
			productReference = 715389D92AF18BC1004CC14D /* AppleWatchStore.app */;
			productType = "com.apple.product-type.application";
		};
/* End PBXNativeTarget section */

/* Begin PBXProject section */
		715389D12AF18BC0004CC14D /* Project object */ = {
			isa = PBXProject;
			attributes = {
				BuildIndependentTargetsInParallel = 1;
				LastSwiftUpdateCheck = 1500;
				LastUpgradeCheck = 1500;
				TargetAttributes = {
					715389D82AF18BC1004CC14D = {
						CreatedOnToolsVersion = 15.0.1;
					};
				};
			};
			buildConfigurationList = 715389D42AF18BC0004CC14D /* Build configuration list for PBXProject "AppleWatchStore" */;
			compatibilityVersion = "Xcode 14.0";
			developmentRegion = en;
			hasScannedForEncodings = 0;
			knownRegions = (
				en,
				Base,
			);
			mainGroup = 715389D02AF18BC0004CC14D;
			productRefGroup = 715389DA2AF18BC1004CC14D /* Products */;
			projectDirPath = "";
			projectRoot = "";
			targets = (
				715389D82AF18BC1004CC14D /* AppleWatchStore */,
			);
		};
/* End PBXProject section */

/* Begin PBXResourcesBuildPhase section */
		715389D72AF18BC1004CC14D /* Resources */ = {
			isa = PBXResourcesBuildPhase;
			buildActionMask = 2147483647;
			files = (
				715389ED2AF42170004CC14D /* Theme.xcassets in Resources */,
				715389E42AF18BC3004CC14D /* Preview Assets.xcassets in Resources */,
				715389E12AF18BC3004CC14D /* Assets.xcassets in Resources */,
			);
			runOnlyForDeploymentPostprocessing = 0;
		};
/* End PBXResourcesBuildPhase section */

/* Begin PBXSourcesBuildPhase section */
		715389D52AF18BC1004CC14D /* Sources */ = {
			isa = PBXSourcesBuildPhase;
			buildActionMask = 2147483647;
			files = (
				715389F42AF4234D004CC14D /* SectionHeader.swift in Sources */,
				715389F22AF422E7004CC14D /* ScaledFont.swift in Sources */,
				71538A1E2AF45D9E004CC14D /* FilterSectionView.swift in Sources */,
				715389DF2AF18BC1004CC14D /* ContentView.swift in Sources */,
				71538A112AF45075004CC14D /* CartView.swift in Sources */,
				71538A0A2AF44C96004CC14D /* HomeView.swift in Sources */,
				715389FC2AF43198004CC14D /* ButtonStyle+Extension.swift in Sources */,
				71538A002AF439C2004CC14D /* GridProductItem.swift in Sources */,
				71538A1C2AF45D70004CC14D /* FilterView.swift in Sources */,
				71331EA22AF6B78B0070D778 /* WideProductItem.swift in Sources */,
				71538A082AF44399004CC14D /* CategorySection.swift in Sources */,
				71538A132AF45082004CC14D /* FavoritesView.swift in Sources */,
				715389DD2AF18BC1004CC14D /* AppleWatchStoreApp.swift in Sources */,
				71538A062AF442BC004CC14D /* CategoryListItem.swift in Sources */,
				715389F62AF429D1004CC14D /* CardView.swift in Sources */,
				71538A042AF43EEF004CC14D /* PopularSection.swift in Sources */,
				71538A182AF456D1004CC14D /* Theme.swift in Sources */,
				71538A1A2AF45A03004CC14D /* ProductsGridView.swift in Sources */,
				71538A022AF43CAC004CC14D /* Text+Extension.swift in Sources */,
				71538A0F2AF4506A004CC14D /* ProductsView.swift in Sources */,
				715389FA2AF43098004CC14D /* CustomButtonStyle.swift in Sources */,
				715389F82AF429FB004CC14D /* Constants.swift in Sources */,
				715389FE2AF43374004CC14D /* BrowseSection.swift in Sources */,
			);
			runOnlyForDeploymentPostprocessing = 0;
		};
/* End PBXSourcesBuildPhase section */

/* Begin XCBuildConfiguration section */
		715389E52AF18BC3004CC14D /* Debug */ = {
			isa = XCBuildConfiguration;
			buildSettings = {
				ALWAYS_SEARCH_USER_PATHS = NO;
				ASSETCATALOG_COMPILER_GENERATE_SWIFT_ASSET_SYMBOL_EXTENSIONS = YES;
				CLANG_ANALYZER_NONNULL = YES;
				CLANG_ANALYZER_NUMBER_OBJECT_CONVERSION = YES_AGGRESSIVE;
				CLANG_CXX_LANGUAGE_STANDARD = "gnu++20";
				CLANG_ENABLE_MODULES = YES;
				CLANG_ENABLE_OBJC_ARC = YES;
				CLANG_ENABLE_OBJC_WEAK = YES;
				CLANG_WARN_BLOCK_CAPTURE_AUTORELEASING = YES;
				CLANG_WARN_BOOL_CONVERSION = YES;
				CLANG_WARN_COMMA = YES;
				CLANG_WARN_CONSTANT_CONVERSION = YES;
				CLANG_WARN_DEPRECATED_OBJC_IMPLEMENTATIONS = YES;
				CLANG_WARN_DIRECT_OBJC_ISA_USAGE = YES_ERROR;
				CLANG_WARN_DOCUMENTATION_COMMENTS = YES;
				CLANG_WARN_EMPTY_BODY = YES;
				CLANG_WARN_ENUM_CONVERSION = YES;
				CLANG_WARN_INFINITE_RECURSION = YES;
				CLANG_WARN_INT_CONVERSION = YES;
				CLANG_WARN_NON_LITERAL_NULL_CONVERSION = YES;
				CLANG_WARN_OBJC_IMPLICIT_RETAIN_SELF = YES;
				CLANG_WARN_OBJC_LITERAL_CONVERSION = YES;
				CLANG_WARN_OBJC_ROOT_CLASS = YES_ERROR;
				CLANG_WARN_QUOTED_INCLUDE_IN_FRAMEWORK_HEADER = YES;
				CLANG_WARN_RANGE_LOOP_ANALYSIS = YES;
				CLANG_WARN_STRICT_PROTOTYPES = YES;
				CLANG_WARN_SUSPICIOUS_MOVE = YES;
				CLANG_WARN_UNGUARDED_AVAILABILITY = YES_AGGRESSIVE;
				CLANG_WARN_UNREACHABLE_CODE = YES;
				CLANG_WARN__DUPLICATE_METHOD_MATCH = YES;
				COPY_PHASE_STRIP = NO;
				DEBUG_INFORMATION_FORMAT = dwarf;
				ENABLE_STRICT_OBJC_MSGSEND = YES;
				ENABLE_TESTABILITY = YES;
				ENABLE_USER_SCRIPT_SANDBOXING = YES;
				GCC_C_LANGUAGE_STANDARD = gnu17;
				GCC_DYNAMIC_NO_PIC = NO;
				GCC_NO_COMMON_BLOCKS = YES;
				GCC_OPTIMIZATION_LEVEL = 0;
				GCC_PREPROCESSOR_DEFINITIONS = (
					"DEBUG=1",
					"$(inherited)",
				);
				GCC_WARN_64_TO_32_BIT_CONVERSION = YES;
				GCC_WARN_ABOUT_RETURN_TYPE = YES_ERROR;
				GCC_WARN_UNDECLARED_SELECTOR = YES;
				GCC_WARN_UNINITIALIZED_AUTOS = YES_AGGRESSIVE;
				GCC_WARN_UNUSED_FUNCTION = YES;
				GCC_WARN_UNUSED_VARIABLE = YES;
				IPHONEOS_DEPLOYMENT_TARGET = 17.0;
				LOCALIZATION_PREFERS_STRING_CATALOGS = YES;
				MTL_ENABLE_DEBUG_INFO = INCLUDE_SOURCE;
				MTL_FAST_MATH = YES;
				ONLY_ACTIVE_ARCH = YES;
				SDKROOT = iphoneos;
				SWIFT_ACTIVE_COMPILATION_CONDITIONS = "DEBUG $(inherited)";
				SWIFT_OPTIMIZATION_LEVEL = "-Onone";
			};
			name = Debug;
		};
		715389E62AF18BC3004CC14D /* Release */ = {
			isa = XCBuildConfiguration;
			buildSettings = {
				ALWAYS_SEARCH_USER_PATHS = NO;
				ASSETCATALOG_COMPILER_GENERATE_SWIFT_ASSET_SYMBOL_EXTENSIONS = YES;
				CLANG_ANALYZER_NONNULL = YES;
				CLANG_ANALYZER_NUMBER_OBJECT_CONVERSION = YES_AGGRESSIVE;
				CLANG_CXX_LANGUAGE_STANDARD = "gnu++20";
				CLANG_ENABLE_MODULES = YES;
				CLANG_ENABLE_OBJC_ARC = YES;
				CLANG_ENABLE_OBJC_WEAK = YES;
				CLANG_WARN_BLOCK_CAPTURE_AUTORELEASING = YES;
				CLANG_WARN_BOOL_CONVERSION = YES;
				CLANG_WARN_COMMA = YES;
				CLANG_WARN_CONSTANT_CONVERSION = YES;
				CLANG_WARN_DEPRECATED_OBJC_IMPLEMENTATIONS = YES;
				CLANG_WARN_DIRECT_OBJC_ISA_USAGE = YES_ERROR;
				CLANG_WARN_DOCUMENTATION_COMMENTS = YES;
				CLANG_WARN_EMPTY_BODY = YES;
				CLANG_WARN_ENUM_CONVERSION = YES;
				CLANG_WARN_INFINITE_RECURSION = YES;
				CLANG_WARN_INT_CONVERSION = YES;
				CLANG_WARN_NON_LITERAL_NULL_CONVERSION = YES;
				CLANG_WARN_OBJC_IMPLICIT_RETAIN_SELF = YES;
				CLANG_WARN_OBJC_LITERAL_CONVERSION = YES;
				CLANG_WARN_OBJC_ROOT_CLASS = YES_ERROR;
				CLANG_WARN_QUOTED_INCLUDE_IN_FRAMEWORK_HEADER = YES;
				CLANG_WARN_RANGE_LOOP_ANALYSIS = YES;
				CLANG_WARN_STRICT_PROTOTYPES = YES;
				CLANG_WARN_SUSPICIOUS_MOVE = YES;
				CLANG_WARN_UNGUARDED_AVAILABILITY = YES_AGGRESSIVE;
				CLANG_WARN_UNREACHABLE_CODE = YES;
				CLANG_WARN__DUPLICATE_METHOD_MATCH = YES;
				COPY_PHASE_STRIP = NO;
				DEBUG_INFORMATION_FORMAT = "dwarf-with-dsym";
				ENABLE_NS_ASSERTIONS = NO;
				ENABLE_STRICT_OBJC_MSGSEND = YES;
				ENABLE_USER_SCRIPT_SANDBOXING = YES;
				GCC_C_LANGUAGE_STANDARD = gnu17;
				GCC_NO_COMMON_BLOCKS = YES;
				GCC_WARN_64_TO_32_BIT_CONVERSION = YES;
				GCC_WARN_ABOUT_RETURN_TYPE = YES_ERROR;
				GCC_WARN_UNDECLARED_SELECTOR = YES;
				GCC_WARN_UNINITIALIZED_AUTOS = YES_AGGRESSIVE;
				GCC_WARN_UNUSED_FUNCTION = YES;
				GCC_WARN_UNUSED_VARIABLE = YES;
				IPHONEOS_DEPLOYMENT_TARGET = 17.0;
				LOCALIZATION_PREFERS_STRING_CATALOGS = YES;
				MTL_ENABLE_DEBUG_INFO = NO;
				MTL_FAST_MATH = YES;
				SDKROOT = iphoneos;
				SWIFT_COMPILATION_MODE = wholemodule;
				VALIDATE_PRODUCT = YES;
			};
			name = Release;
		};
		715389E82AF18BC3004CC14D /* Debug */ = {
			isa = XCBuildConfiguration;
			buildSettings = {
				ASSETCATALOG_COMPILER_APPICON_NAME = AppIcon;
				ASSETCATALOG_COMPILER_GLOBAL_ACCENT_COLOR_NAME = AccentColor;
				CODE_SIGN_STYLE = Automatic;
				CURRENT_PROJECT_VERSION = 1;
				DEVELOPMENT_ASSET_PATHS = "\"AppleWatchStore/Preview Content\"";
				DEVELOPMENT_TEAM = 7VM5MRXF6F;
				ENABLE_PREVIEWS = YES;
				GENERATE_INFOPLIST_FILE = YES;
				INFOPLIST_KEY_UIApplicationSceneManifest_Generation = YES;
				INFOPLIST_KEY_UIApplicationSupportsIndirectInputEvents = YES;
				INFOPLIST_KEY_UILaunchScreen_Generation = YES;
				INFOPLIST_KEY_UISupportedInterfaceOrientations_iPad = "UIInterfaceOrientationPortrait UIInterfaceOrientationPortraitUpsideDown UIInterfaceOrientationLandscapeLeft UIInterfaceOrientationLandscapeRight";
				INFOPLIST_KEY_UISupportedInterfaceOrientations_iPhone = "UIInterfaceOrientationPortrait UIInterfaceOrientationLandscapeLeft UIInterfaceOrientationLandscapeRight";
				LD_RUNPATH_SEARCH_PATHS = (
					"$(inherited)",
					"@executable_path/Frameworks",
				);
				MARKETING_VERSION = 1.0;
				PRODUCT_BUNDLE_IDENTIFIER = me.lewis.danielle.AppleWatchStore;
				PRODUCT_NAME = "$(TARGET_NAME)";
				SWIFT_EMIT_LOC_STRINGS = YES;
				SWIFT_VERSION = 5.0;
				TARGETED_DEVICE_FAMILY = "1,2";
			};
			name = Debug;
		};
		715389E92AF18BC3004CC14D /* Release */ = {
			isa = XCBuildConfiguration;
			buildSettings = {
				ASSETCATALOG_COMPILER_APPICON_NAME = AppIcon;
				ASSETCATALOG_COMPILER_GLOBAL_ACCENT_COLOR_NAME = AccentColor;
				CODE_SIGN_STYLE = Automatic;
				CURRENT_PROJECT_VERSION = 1;
				DEVELOPMENT_ASSET_PATHS = "\"AppleWatchStore/Preview Content\"";
				DEVELOPMENT_TEAM = 7VM5MRXF6F;
				ENABLE_PREVIEWS = YES;
				GENERATE_INFOPLIST_FILE = YES;
				INFOPLIST_KEY_UIApplicationSceneManifest_Generation = YES;
				INFOPLIST_KEY_UIApplicationSupportsIndirectInputEvents = YES;
				INFOPLIST_KEY_UILaunchScreen_Generation = YES;
				INFOPLIST_KEY_UISupportedInterfaceOrientations_iPad = "UIInterfaceOrientationPortrait UIInterfaceOrientationPortraitUpsideDown UIInterfaceOrientationLandscapeLeft UIInterfaceOrientationLandscapeRight";
				INFOPLIST_KEY_UISupportedInterfaceOrientations_iPhone = "UIInterfaceOrientationPortrait UIInterfaceOrientationLandscapeLeft UIInterfaceOrientationLandscapeRight";
				LD_RUNPATH_SEARCH_PATHS = (
					"$(inherited)",
					"@executable_path/Frameworks",
				);
				MARKETING_VERSION = 1.0;
				PRODUCT_BUNDLE_IDENTIFIER = me.lewis.danielle.AppleWatchStore;
				PRODUCT_NAME = "$(TARGET_NAME)";
				SWIFT_EMIT_LOC_STRINGS = YES;
				SWIFT_VERSION = 5.0;
				TARGETED_DEVICE_FAMILY = "1,2";
			};
			name = Release;
		};
/* End XCBuildConfiguration section */

/* Begin XCConfigurationList section */
		715389D42AF18BC0004CC14D /* Build configuration list for PBXProject "AppleWatchStore" */ = {
			isa = XCConfigurationList;
			buildConfigurations = (
				715389E52AF18BC3004CC14D /* Debug */,
				715389E62AF18BC3004CC14D /* Release */,
			);
			defaultConfigurationIsVisible = 0;
			defaultConfigurationName = Release;
		};
		715389E72AF18BC3004CC14D /* Build configuration list for PBXNativeTarget "AppleWatchStore" */ = {
			isa = XCConfigurationList;
			buildConfigurations = (
				715389E82AF18BC3004CC14D /* Debug */,
				715389E92AF18BC3004CC14D /* Release */,
			);
			defaultConfigurationIsVisible = 0;
			defaultConfigurationName = Release;
		};
/* End XCConfigurationList section */
	};
	rootObject = 715389D12AF18BC0004CC14D /* Project object */;
}
